// !$*UTF8*$!
{
	archiveVersion = 1;
	classes = {
	};
	objectVersion = 51;
	objects = {

/* Begin PBXBuildFile section */
		99342489959D06447085FD2A /* libPods-JMT11.a in Frameworks */ = {isa = PBXBuildFile; fileRef = C9B711230CC2908B2DE37152 /* libPods-JMT11.a */; };
		9F4A58412286875800196FFF /* Main.storyboard in Resources */ = {isa = PBXBuildFile; fileRef = 9F4A58402286875800196FFF /* Main.storyboard */; };
		9F6B8A122285DBEA003841D9 /* AppDelegate.swift in Sources */ = {isa = PBXBuildFile; fileRef = 9F6B8A112285DBEA003841D9 /* AppDelegate.swift */; };
		9F6B8A142285DBEA003841D9 /* ViewController.swift in Sources */ = {isa = PBXBuildFile; fileRef = 9F6B8A132285DBEA003841D9 /* ViewController.swift */; };
		9F6B8A1A2285DBEA003841D9 /* JMT11.xcdatamodeld in Sources */ = {isa = PBXBuildFile; fileRef = 9F6B8A182285DBEA003841D9 /* JMT11.xcdatamodeld */; };
		9F6B8A1C2285DBEB003841D9 /* Assets.xcassets in Resources */ = {isa = PBXBuildFile; fileRef = 9F6B8A1B2285DBEB003841D9 /* Assets.xcassets */; };
		9F6B8A1F2285DBEB003841D9 /* LaunchScreen.storyboard in Resources */ = {isa = PBXBuildFile; fileRef = 9F6B8A1D2285DBEB003841D9 /* LaunchScreen.storyboard */; };
/* End PBXBuildFile section */

/* Begin PBXFileReference section */
		3AABEBB39C75417D1D89D8ED /* Pods-JMT11.release.xcconfig */ = {isa = PBXFileReference; includeInIndex = 1; lastKnownFileType = text.xcconfig; name = "Pods-JMT11.release.xcconfig"; path = "Target Support Files/Pods-JMT11/Pods-JMT11.release.xcconfig"; sourceTree = "<group>"; };
		9F4A58402286875800196FFF /* Main.storyboard */ = {isa = PBXFileReference; lastKnownFileType = file.storyboard; path = Main.storyboard; sourceTree = "<group>"; };
		9F6B8A0E2285DBEA003841D9 /* JMT11.app */ = {isa = PBXFileReference; explicitFileType = wrapper.application; includeInIndex = 0; path = JMT11.app; sourceTree = BUILT_PRODUCTS_DIR; };
		9F6B8A112285DBEA003841D9 /* AppDelegate.swift */ = {isa = PBXFileReference; lastKnownFileType = sourcecode.swift; path = AppDelegate.swift; sourceTree = "<group>"; };
		9F6B8A132285DBEA003841D9 /* ViewController.swift */ = {isa = PBXFileReference; lastKnownFileType = sourcecode.swift; path = ViewController.swift; sourceTree = "<group>"; };
		9F6B8A192285DBEA003841D9 /* JMT11.xcdatamodel */ = {isa = PBXFileReference; lastKnownFileType = wrapper.xcdatamodel; path = JMT11.xcdatamodel; sourceTree = "<group>"; };
		9F6B8A1B2285DBEB003841D9 /* Assets.xcassets */ = {isa = PBXFileReference; lastKnownFileType = folder.assetcatalog; path = Assets.xcassets; sourceTree = "<group>"; };
		9F6B8A1E2285DBEB003841D9 /* Base */ = {isa = PBXFileReference; lastKnownFileType = file.storyboard; name = Base; path = Base.lproj/LaunchScreen.storyboard; sourceTree = "<group>"; };
		9F6B8A202285DBEB003841D9 /* Info.plist */ = {isa = PBXFileReference; lastKnownFileType = text.plist.xml; path = Info.plist; sourceTree = "<group>"; };
		C9B711230CC2908B2DE37152 /* libPods-JMT11.a */ = {isa = PBXFileReference; explicitFileType = archive.ar; includeInIndex = 0; path = "libPods-JMT11.a"; sourceTree = BUILT_PRODUCTS_DIR; };
		FAAEB529C7B293E4F8F0A01C /* Pods-JMT11.debug.xcconfig */ = {isa = PBXFileReference; includeInIndex = 1; lastKnownFileType = text.xcconfig; name = "Pods-JMT11.debug.xcconfig"; path = "Target Support Files/Pods-JMT11/Pods-JMT11.debug.xcconfig"; sourceTree = "<group>"; };
/* End PBXFileReference section */

/* Begin PBXFrameworksBuildPhase section */
		9F6B8A0B2285DBEA003841D9 /* Frameworks */ = {
			isa = PBXFrameworksBuildPhase;
			buildActionMask = 2147483647;
			files = (
				99342489959D06447085FD2A /* libPods-JMT11.a in Frameworks */,
			);
			runOnlyForDeploymentPostprocessing = 0;
		};
/* End PBXFrameworksBuildPhase section */

/* Begin PBXGroup section */
		9F6B8A052285DBE9003841D9 = {
			isa = PBXGroup;
			children = (
				9F6B8A102285DBEA003841D9 /* JMT11 */,
				9F6B8A0F2285DBEA003841D9 /* Products */,
				C9635517C3B137A05A27A62D /* Pods */,
				DBF7083278064B2C759702C1 /* Frameworks */,
			);
			sourceTree = "<group>";
		};
		9F6B8A0F2285DBEA003841D9 /* Products */ = {
			isa = PBXGroup;
			children = (
				9F6B8A0E2285DBEA003841D9 /* JMT11.app */,
			);
			name = Products;
			sourceTree = "<group>";
		};
		9F6B8A102285DBEA003841D9 /* JMT11 */ = {
			isa = PBXGroup;
			children = (
				9F6B8A112285DBEA003841D9 /* AppDelegate.swift */,
				9F6B8A132285DBEA003841D9 /* ViewController.swift */,
				9F6B8A1B2285DBEB003841D9 /* Assets.xcassets */,
				9F6B8A1D2285DBEB003841D9 /* LaunchScreen.storyboard */,
				9F4A58402286875800196FFF /* Main.storyboard */,
				9F6B8A202285DBEB003841D9 /* Info.plist */,
				9F6B8A182285DBEA003841D9 /* JMT11.xcdatamodeld */,
			);
			path = JMT11;
			sourceTree = "<group>";
		};
		C9635517C3B137A05A27A62D /* Pods */ = {
			isa = PBXGroup;
			children = (
				FAAEB529C7B293E4F8F0A01C /* Pods-JMT11.debug.xcconfig */,
				3AABEBB39C75417D1D89D8ED /* Pods-JMT11.release.xcconfig */,
			);
			path = Pods;
			sourceTree = "<group>";
		};
		DBF7083278064B2C759702C1 /* Frameworks */ = {
			isa = PBXGroup;
			children = (
				C9B711230CC2908B2DE37152 /* libPods-JMT11.a */,
			);
			name = Frameworks;
			sourceTree = "<group>";
		};
/* End PBXGroup section */

/* Begin PBXNativeTarget section */
		9F6B8A0D2285DBEA003841D9 /* JMT11 */ = {
			isa = PBXNativeTarget;
			buildConfigurationList = 9F6B8A232285DBEB003841D9 /* Build configuration list for PBXNativeTarget "JMT11" */;
			buildPhases = (
				A90E6AC35E6D402BD581016D /* [CP] Check Pods Manifest.lock */,
				9F6B8A0A2285DBEA003841D9 /* Sources */,
				9F6B8A0B2285DBEA003841D9 /* Frameworks */,
				9F6B8A0C2285DBEA003841D9 /* Resources */,
				757C768B219A23C218B22805 /* [CP] Embed Pods Frameworks */,
			);
			buildRules = (
			);
			dependencies = (
			);
			name = JMT11;
			productName = JMT11;
			productReference = 9F6B8A0E2285DBEA003841D9 /* JMT11.app */;
			productType = "com.apple.product-type.application";
		};
/* End PBXNativeTarget section */

/* Begin PBXProject section */
		9F6B8A062285DBE9003841D9 /* Project object */ = {
			isa = PBXProject;
			attributes = {
				LastSwiftUpdateCheck = 1020;
				LastUpgradeCheck = 1020;
				ORGANIZATIONNAME = "KyungYoung Heo";
				TargetAttributes = {
					9F6B8A0D2285DBEA003841D9 = {
						CreatedOnToolsVersion = 10.2.1;
					};
				};
			};
			buildConfigurationList = 9F6B8A092285DBE9003841D9 /* Build configuration list for PBXProject "JMT11" */;
			compatibilityVersion = "Xcode 9.3";
			developmentRegion = en;
			hasScannedForEncodings = 0;
			knownRegions = (
				en,
				Base,
			);
			mainGroup = 9F6B8A052285DBE9003841D9;
			productRefGroup = 9F6B8A0F2285DBEA003841D9 /* Products */;
			projectDirPath = "";
			projectRoot = "";
			targets = (
				9F6B8A0D2285DBEA003841D9 /* JMT11 */,
			);
		};
/* End PBXProject section */

/* Begin PBXResourcesBuildPhase section */
		9F6B8A0C2285DBEA003841D9 /* Resources */ = {
			isa = PBXResourcesBuildPhase;
			buildActionMask = 2147483647;
			files = (
				9F4A58412286875800196FFF /* Main.storyboard in Resources */,
				9F6B8A1F2285DBEB003841D9 /* LaunchScreen.storyboard in Resources */,
				9F6B8A1C2285DBEB003841D9 /* Assets.xcassets in Resources */,
			);
			runOnlyForDeploymentPostprocessing = 0;
		};
/* End PBXResourcesBuildPhase section */

/* Begin PBXShellScriptBuildPhase section */
		757C768B219A23C218B22805 /* [CP] Embed Pods Frameworks */ = {
			isa = PBXShellScriptBuildPhase;
			buildActionMask = 2147483647;
			files = (
			);
			inputFileListPaths = (
				"${PODS_ROOT}/Target Support Files/Pods-JMT11/Pods-JMT11-frameworks-${CONFIGURATION}-input-files.xcfilelist",
			);
			name = "[CP] Embed Pods Frameworks";
			outputFileListPaths = (
				"${PODS_ROOT}/Target Support Files/Pods-JMT11/Pods-JMT11-frameworks-${CONFIGURATION}-output-files.xcfilelist",
			);
			runOnlyForDeploymentPostprocessing = 0;
			shellPath = /bin/sh;
			shellScript = "\"${PODS_ROOT}/Target Support Files/Pods-JMT11/Pods-JMT11-frameworks.sh\"\n";
			showEnvVarsInLog = 0;
		};
		A90E6AC35E6D402BD581016D /* [CP] Check Pods Manifest.lock */ = {
			isa = PBXShellScriptBuildPhase;
			buildActionMask = 2147483647;
			files = (
			);
			inputFileListPaths = (
			);
			inputPaths = (
				"${PODS_PODFILE_DIR_PATH}/Podfile.lock",
				"${PODS_ROOT}/Manifest.lock",
			);
			name = "[CP] Check Pods Manifest.lock";
			outputFileListPaths = (
			);
			outputPaths = (
				"$(DERIVED_FILE_DIR)/Pods-JMT11-checkManifestLockResult.txt",
			);
			runOnlyForDeploymentPostprocessing = 0;
			shellPath = /bin/sh;
			shellScript = "diff \"${PODS_PODFILE_DIR_PATH}/Podfile.lock\" \"${PODS_ROOT}/Manifest.lock\" > /dev/null\nif [ $? != 0 ] ; then\n    # print error to STDERR\n    echo \"error: The sandbox is not in sync with the Podfile.lock. Run 'pod install' or update your CocoaPods installation.\" >&2\n    exit 1\nfi\n# This output is used by Xcode 'outputs' to avoid re-running this script phase.\necho \"SUCCESS\" > \"${SCRIPT_OUTPUT_FILE_0}\"\n";
			showEnvVarsInLog = 0;
		};
/* End PBXShellScriptBuildPhase section */

/* Begin PBXSourcesBuildPhase section */
		9F6B8A0A2285DBEA003841D9 /* Sources */ = {
			isa = PBXSourcesBuildPhase;
			buildActionMask = 2147483647;
			files = (
				9F6B8A1A2285DBEA003841D9 /* JMT11.xcdatamodeld in Sources */,
				9F6B8A142285DBEA003841D9 /* ViewController.swift in Sources */,
				9F6B8A122285DBEA003841D9 /* AppDelegate.swift in Sources */,
			);
			runOnlyForDeploymentPostprocessing = 0;
		};
/* End PBXSourcesBuildPhase section */

/* Begin PBXVariantGroup section */
		9F6B8A1D2285DBEB003841D9 /* LaunchScreen.storyboard */ = {
			isa = PBXVariantGroup;
			children = (
				9F6B8A1E2285DBEB003841D9 /* Base */,
			);
			name = LaunchScreen.storyboard;
			sourceTree = "<group>";
		};
/* End PBXVariantGroup section */

/* Begin XCBuildConfiguration section */
		9F6B8A212285DBEB003841D9 /* Debug */ = {
			isa = XCBuildConfiguration;
			buildSettings = {
				ALWAYS_SEARCH_USER_PATHS = NO;
				CLANG_ANALYZER_NONNULL = YES;
				CLANG_ANALYZER_NUMBER_OBJECT_CONVERSION = YES_AGGRESSIVE;
				CLANG_CXX_LANGUAGE_STANDARD = "gnu++14";
				CLANG_CXX_LIBRARY = "libc++";
				CLANG_ENABLE_MODULES = YES;
				CLANG_ENABLE_OBJC_ARC = YES;
				CLANG_ENABLE_OBJC_WEAK = YES;
				CLANG_WARN_BLOCK_CAPTURE_AUTORELEASING = YES;
				CLANG_WARN_BOOL_CONVERSION = YES;
				CLANG_WARN_COMMA = YES;
				CLANG_WARN_CONSTANT_CONVERSION = YES;
				CLANG_WARN_DEPRECATED_OBJC_IMPLEMENTATIONS = YES;
				CLANG_WARN_DIRECT_OBJC_ISA_USAGE = YES_ERROR;
				CLANG_WARN_DOCUMENTATION_COMMENTS = YES;
				CLANG_WARN_EMPTY_BODY = YES;
				CLANG_WARN_ENUM_CONVERSION = YES;
				CLANG_WARN_INFINITE_RECURSION = YES;
				CLANG_WARN_INT_CONVERSION = YES;
				CLANG_WARN_NON_LITERAL_NULL_CONVERSION = YES;
				CLANG_WARN_OBJC_IMPLICIT_RETAIN_SELF = YES;
				CLANG_WARN_OBJC_LITERAL_CONVERSION = YES;
				CLANG_WARN_OBJC_ROOT_CLASS = YES_ERROR;
				CLANG_WARN_RANGE_LOOP_ANALYSIS = YES;
				CLANG_WARN_STRICT_PROTOTYPES = YES;
				CLANG_WARN_SUSPICIOUS_MOVE = YES;
				CLANG_WARN_UNGUARDED_AVAILABILITY = YES_AGGRESSIVE;
				CLANG_WARN_UNREACHABLE_CODE = YES;
				CLANG_WARN__DUPLICATE_METHOD_MATCH = YES;
				CODE_SIGN_IDENTITY = "iPhone Developer";
				COPY_PHASE_STRIP = NO;
				DEBUG_INFORMATION_FORMAT = dwarf;
				ENABLE_STRICT_OBJC_MSGSEND = YES;
				ENABLE_TESTABILITY = YES;
				GCC_C_LANGUAGE_STANDARD = gnu11;
				GCC_DYNAMIC_NO_PIC = NO;
				GCC_NO_COMMON_BLOCKS = YES;
				GCC_OPTIMIZATION_LEVEL = 0;
				GCC_PREPROCESSOR_DEFINITIONS = (
					"DEBUG=1",
					"$(inherited)",
				);
				GCC_WARN_64_TO_32_BIT_CONVERSION = YES;
				GCC_WARN_ABOUT_RETURN_TYPE = YES_ERROR;
				GCC_WARN_UNDECLARED_SELECTOR = YES;
				GCC_WARN_UNINITIALIZED_AUTOS = YES_AGGRESSIVE;
				GCC_WARN_UNUSED_FUNCTION = YES;
				GCC_WARN_UNUSED_VARIABLE = YES;
				IPHONEOS_DEPLOYMENT_TARGET = 12.1;
				MTL_ENABLE_DEBUG_INFO = INCLUDE_SOURCE;
				MTL_FAST_MATH = YES;
				ONLY_ACTIVE_ARCH = NO;
				SDKROOT = iphoneos;
				SWIFT_ACTIVE_COMPILATION_CONDITIONS = DEBUG;
				SWIFT_OPTIMIZATION_LEVEL = "-Onone";
			};
			name = Debug;
		};
		9F6B8A222285DBEB003841D9 /* Release */ = {
			isa = XCBuildConfiguration;
			buildSettings = {
				ALWAYS_SEARCH_USER_PATHS = NO;
				CLANG_ANALYZER_NONNULL = YES;
				CLANG_ANALYZER_NUMBER_OBJECT_CONVERSION = YES_AGGRESSIVE;
				CLANG_CXX_LANGUAGE_STANDARD = "gnu++14";
				CLANG_CXX_LIBRARY = "libc++";
				CLANG_ENABLE_MODULES = YES;
				CLANG_ENABLE_OBJC_ARC = YES;
				CLANG_ENABLE_OBJC_WEAK = YES;
				CLANG_WARN_BLOCK_CAPTURE_AUTORELEASING = YES;
				CLANG_WARN_BOOL_CONVERSION = YES;
				CLANG_WARN_COMMA = YES;
				CLANG_WARN_CONSTANT_CONVERSION = YES;
				CLANG_WARN_DEPRECATED_OBJC_IMPLEMENTATIONS = YES;
				CLANG_WARN_DIRECT_OBJC_ISA_USAGE = YES_ERROR;
				CLANG_WARN_DOCUMENTATION_COMMENTS = YES;
				CLANG_WARN_EMPTY_BODY = YES;
				CLANG_WARN_ENUM_CONVERSION = YES;
				CLANG_WARN_INFINITE_RECURSION = YES;
				CLANG_WARN_INT_CONVERSION = YES;
				CLANG_WARN_NON_LITERAL_NULL_CONVERSION = YES;
				CLANG_WARN_OBJC_IMPLICIT_RETAIN_SELF = YES;
				CLANG_WARN_OBJC_LITERAL_CONVERSION = YES;
				CLANG_WARN_OBJC_ROOT_CLASS = YES_ERROR;
				CLANG_WARN_RANGE_LOOP_ANALYSIS = YES;
				CLANG_WARN_STRICT_PROTOTYPES = YES;
				CLANG_WARN_SUSPICIOUS_MOVE = YES;
				CLANG_WARN_UNGUARDED_AVAILABILITY = YES_AGGRESSIVE;
				CLANG_WARN_UNREACHABLE_CODE = YES;
				CLANG_WARN__DUPLICATE_METHOD_MATCH = YES;
				CODE_SIGN_IDENTITY = "iPhone Developer";
				COPY_PHASE_STRIP = NO;
				DEBUG_INFORMATION_FORMAT = "dwarf-with-dsym";
				ENABLE_NS_ASSERTIONS = NO;
				ENABLE_STRICT_OBJC_MSGSEND = YES;
				GCC_C_LANGUAGE_STANDARD = gnu11;
				GCC_NO_COMMON_BLOCKS = YES;
				GCC_WARN_64_TO_32_BIT_CONVERSION = YES;
				GCC_WARN_ABOUT_RETURN_TYPE = YES_ERROR;
				GCC_WARN_UNDECLARED_SELECTOR = YES;
				GCC_WARN_UNINITIALIZED_AUTOS = YES_AGGRESSIVE;
				GCC_WARN_UNUSED_FUNCTION = YES;
				GCC_WARN_UNUSED_VARIABLE = YES;
				IPHONEOS_DEPLOYMENT_TARGET = 12.1;
				MTL_ENABLE_DEBUG_INFO = NO;
				MTL_FAST_MATH = YES;
				ONLY_ACTIVE_ARCH = NO;
				SDKROOT = iphoneos;
				SWIFT_COMPILATION_MODE = wholemodule;
				SWIFT_OPTIMIZATION_LEVEL = "-O";
				VALIDATE_PRODUCT = YES;
			};
			name = Release;
		};
		9F6B8A242285DBEB003841D9 /* Debug */ = {
			isa = XCBuildConfiguration;
			baseConfigurationReference = FAAEB529C7B293E4F8F0A01C /* Pods-JMT11.debug.xcconfig */;
			buildSettings = {
				ASSETCATALOG_COMPILER_APPICON_NAME = AppIcon;
				CODE_SIGN_STYLE = Automatic;
				DEVELOPMENT_TEAM = 8ZMC86H7GX;
				ENABLE_BITCODE = NO;
				INFOPLIST_FILE = JMT11/Info.plist;
				IPHONEOS_DEPLOYMENT_TARGET = 12.1;
				LD_RUNPATH_SEARCH_PATHS = (
					"$(inherited)",
					"@executable_path/Frameworks",
				);
				PRODUCT_BUNDLE_IDENTIFIER = bbvch13531.JMT11;
				PRODUCT_NAME = "$(TARGET_NAME)";
				SWIFT_VERSION = 4.2;
				TARGETED_DEVICE_FAMILY = "1,2";
			};
			name = Debug;
		};
		9F6B8A252285DBEB003841D9 /* Release */ = {
			isa = XCBuildConfiguration;
			baseConfigurationReference = 3AABEBB39C75417D1D89D8ED /* Pods-JMT11.release.xcconfig */;
			buildSettings = {
				ASSETCATALOG_COMPILER_APPICON_NAME = AppIcon;
				CODE_SIGN_STYLE = Automatic;
				DEVELOPMENT_TEAM = 8ZMC86H7GX;
				ENABLE_BITCODE = NO;
				INFOPLIST_FILE = JMT11/Info.plist;
				IPHONEOS_DEPLOYMENT_TARGET = 12.1;
				LD_RUNPATH_SEARCH_PATHS = (
					"$(inherited)",
					"@executable_path/Frameworks",
				);
				PRODUCT_BUNDLE_IDENTIFIER = bbvch13531.JMT11;
				PRODUCT_NAME = "$(TARGET_NAME)";
				SWIFT_VERSION = 4.2;
				TARGETED_DEVICE_FAMILY = "1,2";
			};
			name = Release;
		};
/* End XCBuildConfiguration section */

/* Begin XCConfigurationList section */
		9F6B8A092285DBE9003841D9 /* Build configuration list for PBXProject "JMT11" */ = {
			isa = XCConfigurationList;
			buildConfigurations = (
				9F6B8A212285DBEB003841D9 /* Debug */,
				9F6B8A222285DBEB003841D9 /* Release */,
			);
			defaultConfigurationIsVisible = 0;
			defaultConfigurationName = Release;
		};
		9F6B8A232285DBEB003841D9 /* Build configuration list for PBXNativeTarget "JMT11" */ = {
			isa = XCConfigurationList;
			buildConfigurations = (
				9F6B8A242285DBEB003841D9 /* Debug */,
				9F6B8A252285DBEB003841D9 /* Release */,
			);
			defaultConfigurationIsVisible = 0;
			defaultConfigurationName = Release;
		};
/* End XCConfigurationList section */

/* Begin XCVersionGroup section */
		9F6B8A182285DBEA003841D9 /* JMT11.xcdatamodeld */ = {
			isa = XCVersionGroup;
			children = (
				9F6B8A192285DBEA003841D9 /* JMT11.xcdatamodel */,
			);
			currentVersion = 9F6B8A192285DBEA003841D9 /* JMT11.xcdatamodel */;
			path = JMT11.xcdatamodeld;
			sourceTree = "<group>";
			versionGroupType = wrapper.xcdatamodel;
		};
/* End XCVersionGroup section */
	};
	rootObject = 9F6B8A062285DBE9003841D9 /* Project object */;
}
